
Microsoft Visual Studio Solution File, Format Version 12.00
# Visual Studio 14
VisualStudioVersion = 14.0.24720.0
MinimumVisualStudioVersion = 10.0.40219.1
Project("{FAE04EC0-301F-11D3-BF4B-00C04F79EFBC}") = "xUnit.Tests", "xUnit.Tests\xUnit.Tests.csproj", "{B03A0DDE-7790-4870-A4EF-B16146C5073C}"
EndProject
Global
	GlobalSection(SolutionConfigurationPlatforms) = preSolution
		Debug|Any CPU = Debug|Any CPU
		Release|Any CPU = Release|Any CPU
	EndGlobalSection
	GlobalSection(ProjectConfigurationPlatforms) = postSolution
		{B03A0DDE-7790-4870-A4EF-B16146C5073C}.Debug|Any CPU.ActiveCfg = Debug|Any CPU
		{B03A0DDE-7790-4870-A4EF-B16146C5073C}.Debug|Any CPU.Build.0 = Debug|Any CPU
		{B03A0DDE-7790-4870-A4EF-B16146C5073C}.Release|Any CPU.ActiveCfg = Release|Any CPU
		{B03A0DDE-7790-4870-A4EF-B16146C5073C}.Release|Any CPU.Build.0 = Release|Any CPU
	EndGlobalSection
	GlobalSection(SolutionProperties) = preSolution
		HideSolutionNode = FALSE
	EndGlobalSection
EndGlobal
